github.com/caahpaiva/Golang v0.0.0-20240522195938-e54a5953825e h1:47DEQpj8HBSa+/TImW+5JCeuQeRkm5NMpJWZG3hSuFU=
github.com/caahpaiva/Golang v0.0.0-20240522195938-e54a5953825e/go.mod h1:CDwzKkNoiR1K7EK/aez6+Mm7+AtFPYUecE5N6kN7QK4=
github.com/lib/pq v1.10.9 h1:YXG7RB+JIjhP29X+OtkiDnYaXQwpS4JEWq7dtCCRUEw=
github.com/lib/pq v1.10.9/go.mod h1:AlVN5x4E4T544tWzH6hKfbfQvm3HdbOxrmggDNAPY9o=
